
Microsoft Visual Studio Solution File, Format Version 12.00
# Visual Studio Version 17
VisualStudioVersion = 17.13.35931.197 d17.13
MinimumVisualStudioVersion = 10.0.40219.1
Project("{FAE04EC0-301F-11D3-BF4B-00C04F79EFBC}") = "gradeCheck", "gradeCheck\gradeCheck.csproj", "{C8E4D67E-569D-442A-86D1-61F1BC9CAD11}"
EndProject
Global
	GlobalSection(SolutionConfigurationPlatforms) = preSolution
		Debug|Any CPU = Debug|Any CPU
		Release|Any CPU = Release|Any CPU
	EndGlobalSection
	GlobalSection(ProjectConfigurationPlatforms) = postSolution
		{C8E4D67E-569D-442A-86D1-61F1BC9CAD11}.Debug|Any CPU.ActiveCfg = Debug|Any CPU
		{C8E4D67E-569D-442A-86D1-61F1BC9CAD11}.Debug|Any CPU.Build.0 = Debug|Any CPU
		{C8E4D67E-569D-442A-86D1-61F1BC9CAD11}.Release|Any CPU.ActiveCfg = Release|Any CPU
		{C8E4D67E-569D-442A-86D1-61F1BC9CAD11}.Release|Any CPU.Build.0 = Release|Any CPU
	EndGlobalSection
	GlobalSection(SolutionProperties) = preSolution
		HideSolutionNode = FALSE
	EndGlobalSection
	GlobalSection(ExtensibilityGlobals) = postSolution
		SolutionGuid = {1C13211A-8D35-4C61-9C14-AE8BD1E725D5}
	EndGlobalSection
EndGlobal
